hash: 7e58a175eb5161082feb209f6ce5ed0049325fdeb93005aa325cf6d670849387
updated: 2016-08-17T15:37:51.971653621+01:00
imports:
- name: github.com/jarcoal/httpmock
  version: 145b10d659265440f062c31ea15326166bae56ee
- name: golang.org/x/net
  version: 07b51741c1d6423d4a6abab1c49940ec09cb1aaf
  subpackages:
  - context
devImports: []
