hash: 7e58a175eb5161082feb209f6ce5ed0049325fdeb93005aa325cf6d670849387
updated: 2016-07-29T11:23:35.307980771+01:00
imports:
- name: github.com/jarcoal/httpmock
  version: dd46565afcdf9afe2b626011560a7068fa5b1b46
- name: golang.org/x/net
  version: 6a513affb38dc9788b449d59ffed099b8de18fa0
  subpackages:
  - context
devImports: []
