hash: 496859eaf58b62944b44638ddad2227fef4a215856ff73c4a88dafa4ccbc4814
updated: 2017-06-02T10:05:09.646428942+01:00
imports:
- name: github.com/stretchr/testify
  version: 69483b4bd14f5845b5a1e55bca19e954e827f1d0
  subpackages:
  - assert
- name: github.com/thingful/httpmock
  version: ad20707d669ac1ecad9d2028b8f858832937fc82
- name: golang.org/x/net
  version: 3da985ce5951d99de868be4385f21ea6c2b22f24
  subpackages:
  - context
  - idna
testImports:
- name: github.com/davecgh/go-spew
  version: 346938d642f2ec3594ed81d874461961cd0faa76
  subpackages:
  - spew
- name: github.com/goware/urlx
  version: 86bdc24560383254e8b977da31a823eddf904409
- name: github.com/pmezard/go-difflib
  version: 792786c7400a136282c1664665ae0a8db921c6c2
  subpackages:
  - difflib
- name: github.com/PuerkitoBio/purell
  version: b938d81255b5473c57635324295cb0fe398c7a58
- name: github.com/PuerkitoBio/urlesc
  version: bbf7a2afc14f93e1e0a5c06df524fbd75e5031e5
- name: golang.org/x/text
  version: 4ee4af566555f5fbe026368b75596286a312663a
  subpackages:
  - secure/bidirule
  - transform
  - unicode/bidi
  - unicode/norm
  - width
